// !$*UTF8*$!
{
	archiveVersion = 1;
	classes = {
	};
	objectVersion = 46;
	objects = {

/* Begin PBXBuildFile section */
		AF36BE031E79139E0009BCD9 /* AppDelegate.swift in Sources */ = {isa = PBXBuildFile; fileRef = AF36BE021E79139E0009BCD9 /* AppDelegate.swift */; };
		AF36BE051E79139E0009BCD9 /* MainViewController.swift in Sources */ = {isa = PBXBuildFile; fileRef = AF36BE041E79139E0009BCD9 /* MainViewController.swift */; };
		AF36BE081E79139E0009BCD9 /* Main.storyboard in Resources */ = {isa = PBXBuildFile; fileRef = AF36BE061E79139E0009BCD9 /* Main.storyboard */; };
		AF36BE0A1E79139E0009BCD9 /* Assets.xcassets in Resources */ = {isa = PBXBuildFile; fileRef = AF36BE091E79139E0009BCD9 /* Assets.xcassets */; };
		AF36BE0D1E79139E0009BCD9 /* LaunchScreen.storyboard in Resources */ = {isa = PBXBuildFile; fileRef = AF36BE0B1E79139E0009BCD9 /* LaunchScreen.storyboard */; };
		AF36BE171E791EAF0009BCD9 /* DragHellLabel.swift in Sources */ = {isa = PBXBuildFile; fileRef = AF36BE161E791EAF0009BCD9 /* DragHellLabel.swift */; };
		AF36BE191E7921390009BCD9 /* DetailViewController.swift in Sources */ = {isa = PBXBuildFile; fileRef = AF36BE181E7921390009BCD9 /* DetailViewController.swift */; };
		AF36BE1B1E79216D0009BCD9 /* DetailView.swift in Sources */ = {isa = PBXBuildFile; fileRef = AF36BE1A1E79216D0009BCD9 /* DetailView.swift */; };
		AF36BE271E7938DD0009BCD9 /* CustomStyleButton.swift in Sources */ = {isa = PBXBuildFile; fileRef = AF36BE261E7938DD0009BCD9 /* CustomStyleButton.swift */; };
/* End PBXBuildFile section */

/* Begin PBXFileReference section */
		AF36BDFF1E79139E0009BCD9 /* DragHellDemo.app */ = {isa = PBXFileReference; explicitFileType = wrapper.application; includeInIndex = 0; path = DragHellDemo.app; sourceTree = BUILT_PRODUCTS_DIR; };
		AF36BE021E79139E0009BCD9 /* AppDelegate.swift */ = {isa = PBXFileReference; lastKnownFileType = sourcecode.swift; path = AppDelegate.swift; sourceTree = "<group>"; };
		AF36BE041E79139E0009BCD9 /* MainViewController.swift */ = {isa = PBXFileReference; lastKnownFileType = sourcecode.swift; path = MainViewController.swift; sourceTree = "<group>"; };
		AF36BE071E79139E0009BCD9 /* Base */ = {isa = PBXFileReference; lastKnownFileType = file.storyboard; name = Base; path = Base.lproj/Main.storyboard; sourceTree = "<group>"; };
		AF36BE091E79139E0009BCD9 /* Assets.xcassets */ = {isa = PBXFileReference; lastKnownFileType = folder.assetcatalog; path = Assets.xcassets; sourceTree = "<group>"; };
		AF36BE0C1E79139E0009BCD9 /* Base */ = {isa = PBXFileReference; lastKnownFileType = file.storyboard; name = Base; path = Base.lproj/LaunchScreen.storyboard; sourceTree = "<group>"; };
		AF36BE0E1E79139E0009BCD9 /* Info.plist */ = {isa = PBXFileReference; lastKnownFileType = text.plist.xml; path = Info.plist; sourceTree = "<group>"; };
		AF36BE161E791EAF0009BCD9 /* DragHellLabel.swift */ = {isa = PBXFileReference; fileEncoding = 4; lastKnownFileType = sourcecode.swift; path = DragHellLabel.swift; sourceTree = "<group>"; };
		AF36BE181E7921390009BCD9 /* DetailViewController.swift */ = {isa = PBXFileReference; fileEncoding = 4; lastKnownFileType = sourcecode.swift; path = DetailViewController.swift; sourceTree = "<group>"; };
		AF36BE1A1E79216D0009BCD9 /* DetailView.swift */ = {isa = PBXFileReference; fileEncoding = 4; lastKnownFileType = sourcecode.swift; path = DetailView.swift; sourceTree = "<group>"; };
		AF36BE261E7938DD0009BCD9 /* CustomStyleButton.swift */ = {isa = PBXFileReference; fileEncoding = 4; lastKnownFileType = sourcecode.swift; path = CustomStyleButton.swift; sourceTree = "<group>"; };
/* End PBXFileReference section */

/* Begin PBXFrameworksBuildPhase section */
		AF36BDFC1E79139E0009BCD9 /* Frameworks */ = {
			isa = PBXFrameworksBuildPhase;
			buildActionMask = 2147483647;
			files = (
			);
			runOnlyForDeploymentPostprocessing = 0;
		};
/* End PBXFrameworksBuildPhase section */

/* Begin PBXGroup section */
		AF36BDF61E79139E0009BCD9 = {
			isa = PBXGroup;
			children = (
				AF36BE011E79139E0009BCD9 /* DragHellDemo */,
				AF36BE001E79139E0009BCD9 /* Products */,
			);
			sourceTree = "<group>";
		};
		AF36BE001E79139E0009BCD9 /* Products */ = {
			isa = PBXGroup;
			children = (
				AF36BDFF1E79139E0009BCD9 /* DragHellDemo.app */,
			);
			name = Products;
			sourceTree = "<group>";
		};
		AF36BE011E79139E0009BCD9 /* DragHellDemo */ = {
			isa = PBXGroup;
			children = (
				AF36BE021E79139E0009BCD9 /* AppDelegate.swift */,
				AF36BE041E79139E0009BCD9 /* MainViewController.swift */,
				AF36BE061E79139E0009BCD9 /* Main.storyboard */,
				AF36BE161E791EAF0009BCD9 /* DragHellLabel.swift */,
				AF36BE091E79139E0009BCD9 /* Assets.xcassets */,
				AF36BE0B1E79139E0009BCD9 /* LaunchScreen.storyboard */,
				AF36BE0E1E79139E0009BCD9 /* Info.plist */,
				AF36BE181E7921390009BCD9 /* DetailViewController.swift */,
				AF36BE1A1E79216D0009BCD9 /* DetailView.swift */,
				AF36BE261E7938DD0009BCD9 /* CustomStyleButton.swift */,
			);
			path = DragHellDemo;
			sourceTree = "<group>";
		};
/* End PBXGroup section */

/* Begin PBXNativeTarget section */
		AF36BDFE1E79139E0009BCD9 /* DragHellDemo */ = {
			isa = PBXNativeTarget;
			buildConfigurationList = AF36BE111E79139E0009BCD9 /* Build configuration list for PBXNativeTarget "DragHellDemo" */;
			buildPhases = (
				AF36BDFB1E79139E0009BCD9 /* Sources */,
				AF36BDFC1E79139E0009BCD9 /* Frameworks */,
				AF36BDFD1E79139E0009BCD9 /* Resources */,
			);
			buildRules = (
			);
			dependencies = (
			);
			name = DragHellDemo;
			productName = DragHellDemo;
			productReference = AF36BDFF1E79139E0009BCD9 /* DragHellDemo.app */;
			productType = "com.apple.product-type.application";
		};
/* End PBXNativeTarget section */

/* Begin PBXProject section */
		AF36BDF71E79139E0009BCD9 /* Project object */ = {
			isa = PBXProject;
			attributes = {
				LastSwiftUpdateCheck = 0820;
				LastUpgradeCheck = 0820;
				ORGANIZATIONNAME = "Lo Yue Hei";
				TargetAttributes = {
					AF36BDFE1E79139E0009BCD9 = {
						CreatedOnToolsVersion = 8.2.1;
						DevelopmentTeam = NQFPXF84Y6;
						ProvisioningStyle = Automatic;
					};
				};
			};
			buildConfigurationList = AF36BDFA1E79139E0009BCD9 /* Build configuration list for PBXProject "DragHellDemo" */;
			compatibilityVersion = "Xcode 3.2";
			developmentRegion = English;
			hasScannedForEncodings = 0;
			knownRegions = (
				en,
				Base,
			);
			mainGroup = AF36BDF61E79139E0009BCD9;
			productRefGroup = AF36BE001E79139E0009BCD9 /* Products */;
			projectDirPath = "";
			projectRoot = "";
			targets = (
				AF36BDFE1E79139E0009BCD9 /* DragHellDemo */,
			);
		};
/* End PBXProject section */

/* Begin PBXResourcesBuildPhase section */
		AF36BDFD1E79139E0009BCD9 /* Resources */ = {
			isa = PBXResourcesBuildPhase;
			buildActionMask = 2147483647;
			files = (
				AF36BE0D1E79139E0009BCD9 /* LaunchScreen.storyboard in Resources */,
				AF36BE0A1E79139E0009BCD9 /* Assets.xcassets in Resources */,
				AF36BE081E79139E0009BCD9 /* Main.storyboard in Resources */,
			);
			runOnlyForDeploymentPostprocessing = 0;
		};
/* End PBXResourcesBuildPhase section */

/* Begin PBXSourcesBuildPhase section */
		AF36BDFB1E79139E0009BCD9 /* Sources */ = {
			isa = PBXSourcesBuildPhase;
			buildActionMask = 2147483647;
			files = (
				AF36BE051E79139E0009BCD9 /* MainViewController.swift in Sources */,
				AF36BE171E791EAF0009BCD9 /* DragHellLabel.swift in Sources */,
				AF36BE271E7938DD0009BCD9 /* CustomStyleButton.swift in Sources */,
				AF36BE031E79139E0009BCD9 /* AppDelegate.swift in Sources */,
				AF36BE1B1E79216D0009BCD9 /* DetailView.swift in Sources */,
				AF36BE191E7921390009BCD9 /* DetailViewController.swift in Sources */,
			);
			runOnlyForDeploymentPostprocessing = 0;
		};
/* End PBXSourcesBuildPhase section */

/* Begin PBXVariantGroup section */
		AF36BE061E79139E0009BCD9 /* Main.storyboard */ = {
			isa = PBXVariantGroup;
			children = (
				AF36BE071E79139E0009BCD9 /* Base */,
			);
			name = Main.storyboard;
			sourceTree = "<group>";
		};
		AF36BE0B1E79139E0009BCD9 /* LaunchScreen.storyboard */ = {
			isa = PBXVariantGroup;
			children = (
				AF36BE0C1E79139E0009BCD9 /* Base */,
			);
			name = LaunchScreen.storyboard;
			sourceTree = "<group>";
		};
/* End PBXVariantGroup section */

/* Begin XCBuildConfiguration section */
		AF36BE0F1E79139E0009BCD9 /* Debug */ = {
			isa = XCBuildConfiguration;
			buildSettings = {
				ALWAYS_SEARCH_USER_PATHS = NO;
				CLANG_ANALYZER_NONNULL = YES;
				CLANG_CXX_LANGUAGE_STANDARD = "gnu++0x";
				CLANG_CXX_LIBRARY = "libc++";
				CLANG_ENABLE_MODULES = YES;
				CLANG_ENABLE_OBJC_ARC = YES;
				CLANG_WARN_BOOL_CONVERSION = YES;
				CLANG_WARN_CONSTANT_CONVERSION = YES;
				CLANG_WARN_DIRECT_OBJC_ISA_USAGE = YES_ERROR;
				CLANG_WARN_DOCUMENTATION_COMMENTS = YES;
				CLANG_WARN_EMPTY_BODY = YES;
				CLANG_WARN_ENUM_CONVERSION = YES;
				CLANG_WARN_INFINITE_RECURSION = YES;
				CLANG_WARN_INT_CONVERSION = YES;
				CLANG_WARN_OBJC_ROOT_CLASS = YES_ERROR;
				CLANG_WARN_SUSPICIOUS_MOVE = YES;
				CLANG_WARN_UNREACHABLE_CODE = YES;
				CLANG_WARN__DUPLICATE_METHOD_MATCH = YES;
				"CODE_SIGN_IDENTITY[sdk=iphoneos*]" = "iPhone Developer";
				COPY_PHASE_STRIP = NO;
				DEBUG_INFORMATION_FORMAT = dwarf;
				ENABLE_STRICT_OBJC_MSGSEND = YES;
				ENABLE_TESTABILITY = YES;
				GCC_C_LANGUAGE_STANDARD = gnu99;
				GCC_DYNAMIC_NO_PIC = NO;
				GCC_NO_COMMON_BLOCKS = YES;
				GCC_OPTIMIZATION_LEVEL = 0;
				GCC_PREPROCESSOR_DEFINITIONS = (
					"DEBUG=1",
					"$(inherited)",
				);
				GCC_WARN_64_TO_32_BIT_CONVERSION = YES;
				GCC_WARN_ABOUT_RETURN_TYPE = YES_ERROR;
				GCC_WARN_UNDECLARED_SELECTOR = YES;
				GCC_WARN_UNINITIALIZED_AUTOS = YES_AGGRESSIVE;
				GCC_WARN_UNUSED_FUNCTION = YES;
				GCC_WARN_UNUSED_VARIABLE = YES;
				IPHONEOS_DEPLOYMENT_TARGET = 10.2;
				MTL_ENABLE_DEBUG_INFO = YES;
				ONLY_ACTIVE_ARCH = YES;
				SDKROOT = iphoneos;
				SWIFT_ACTIVE_COMPILATION_CONDITIONS = DEBUG;
				SWIFT_OPTIMIZATION_LEVEL = "-Onone";
			};
			name = Debug;
		};
		AF36BE101E79139E0009BCD9 /* Release */ = {
			isa = XCBuildConfiguration;
			buildSettings = {
				ALWAYS_SEARCH_USER_PATHS = NO;
				CLANG_ANALYZER_NONNULL = YES;
				CLANG_CXX_LANGUAGE_STANDARD = "gnu++0x";
				CLANG_CXX_LIBRARY = "libc++";
				CLANG_ENABLE_MODULES = YES;
				CLANG_ENABLE_OBJC_ARC = YES;
				CLANG_WARN_BOOL_CONVERSION = YES;
				CLANG_WARN_CONSTANT_CONVERSION = YES;
				CLANG_WARN_DIRECT_OBJC_ISA_USAGE = YES_ERROR;
				CLANG_WARN_DOCUMENTATION_COMMENTS = YES;
				CLANG_WARN_EMPTY_BODY = YES;
				CLANG_WARN_ENUM_CONVERSION = YES;
				CLANG_WARN_INFINITE_RECURSION = YES;
				CLANG_WARN_INT_CONVERSION = YES;
				CLANG_WARN_OBJC_ROOT_CLASS = YES_ERROR;
				CLANG_WARN_SUSPICIOUS_MOVE = YES;
				CLANG_WARN_UNREACHABLE_CODE = YES;
				CLANG_WARN__DUPLICATE_METHOD_MATCH = YES;
				"CODE_SIGN_IDENTITY[sdk=iphoneos*]" = "iPhone Developer";
				COPY_PHASE_STRIP = NO;
				DEBUG_INFORMATION_FORMAT = "dwarf-with-dsym";
				ENABLE_NS_ASSERTIONS = NO;
				ENABLE_STRICT_OBJC_MSGSEND = YES;
				GCC_C_LANGUAGE_STANDARD = gnu99;
				GCC_NO_COMMON_BLOCKS = YES;
				GCC_WARN_64_TO_32_BIT_CONVERSION = YES;
				GCC_WARN_ABOUT_RETURN_TYPE = YES_ERROR;
				GCC_WARN_UNDECLARED_SELECTOR = YES;
				GCC_WARN_UNINITIALIZED_AUTOS = YES_AGGRESSIVE;
				GCC_WARN_UNUSED_FUNCTION = YES;
				GCC_WARN_UNUSED_VARIABLE = YES;
				IPHONEOS_DEPLOYMENT_TARGET = 10.2;
				MTL_ENABLE_DEBUG_INFO = NO;
				SDKROOT = iphoneos;
				SWIFT_OPTIMIZATION_LEVEL = "-Owholemodule";
				VALIDATE_PRODUCT = YES;
			};
			name = Release;
		};
		AF36BE121E79139E0009BCD9 /* Debug */ = {
			isa = XCBuildConfiguration;
			buildSettings = {
				ASSETCATALOG_COMPILER_APPICON_NAME = AppIcon;
				DEVELOPMENT_TEAM = NQFPXF84Y6;
				INFOPLIST_FILE = DragHellDemo/Info.plist;
				LD_RUNPATH_SEARCH_PATHS = "$(inherited) @executable_path/Frameworks";
				PRODUCT_BUNDLE_IDENTIFIER = org.gaplotech.DragHellDemo;
				PRODUCT_NAME = "$(TARGET_NAME)";
				SWIFT_VERSION = 3.0;
			};
			name = Debug;
		};
		AF36BE131E79139E0009BCD9 /* Release */ = {
			isa = XCBuildConfiguration;
			buildSettings = {
				ASSETCATALOG_COMPILER_APPICON_NAME = AppIcon;
				DEVELOPMENT_TEAM = NQFPXF84Y6;
				INFOPLIST_FILE = DragHellDemo/Info.plist;
				LD_RUNPATH_SEARCH_PATHS = "$(inherited) @executable_path/Frameworks";
				PRODUCT_BUNDLE_IDENTIFIER = org.gaplotech.DragHellDemo;
				PRODUCT_NAME = "$(TARGET_NAME)";
				SWIFT_VERSION = 3.0;
			};
			name = Release;
		};
/* End XCBuildConfiguration section */

/* Begin XCConfigurationList section */
		AF36BDFA1E79139E0009BCD9 /* Build configuration list for PBXProject "DragHellDemo" */ = {
			isa = XCConfigurationList;
			buildConfigurations = (
				AF36BE0F1E79139E0009BCD9 /* Debug */,
				AF36BE101E79139E0009BCD9 /* Release */,
			);
			defaultConfigurationIsVisible = 0;
			defaultConfigurationName = Release;
		};
		AF36BE111E79139E0009BCD9 /* Build configuration list for PBXNativeTarget "DragHellDemo" */ = {
			isa = XCConfigurationList;
			buildConfigurations = (
				AF36BE121E79139E0009BCD9 /* Debug */,
				AF36BE131E79139E0009BCD9 /* Release */,
			);
			defaultConfigurationIsVisible = 0;
		};
/* End XCConfigurationList section */
	};
	rootObject = AF36BDF71E79139E0009BCD9 /* Project object */;
}
